
Microsoft Visual Studio Solution File, Format Version 12.00
# Visual Studio 2013
VisualStudioVersion = 12.0.21005.1
MinimumVisualStudioVersion = 10.0.40219.1
Project("{FAE04EC0-301F-11D3-BF4B-00C04F79EFBC}") = "WeldingExpertSystem", "WeldingExpertSystem\WeldingExpertSystem.csproj", "{CA509796-F0A6-4079-9A48-217D29F1D474}"
EndProject
Global
	GlobalSection(SolutionConfigurationPlatforms) = preSolution
		Debug|Any CPU = Debug|Any CPU
		Release|Any CPU = Release|Any CPU
	EndGlobalSection
	GlobalSection(ProjectConfigurationPlatforms) = postSolution
		{CA509796-F0A6-4079-9A48-217D29F1D474}.Debug|Any CPU.ActiveCfg = Debug|Any CPU
		{CA509796-F0A6-4079-9A48-217D29F1D474}.Debug|Any CPU.Build.0 = Debug|Any CPU
		{CA509796-F0A6-4079-9A48-217D29F1D474}.Release|Any CPU.ActiveCfg = Release|Any CPU
		{CA509796-F0A6-4079-9A48-217D29F1D474}.Release|Any CPU.Build.0 = Release|Any CPU
	EndGlobalSection
	GlobalSection(SolutionProperties) = preSolution
		HideSolutionNode = FALSE
	EndGlobalSection
EndGlobal
